
Microsoft Visual Studio Solution File, Format Version 12.00
# Visual Studio Version 16
VisualStudioVersion = 16.0.31005.135
MinimumVisualStudioVersion = 10.0.40219.1
Project("{888888A0-9F3D-457C-B088-3A5042F75D52}") = "Chapter3App", "Chapter3App\Chapter3App.pyproj", "{DE7D5801-B590-43A4-B22E-DA4D7A391EC9}"
EndProject
Project("{888888A0-9F3D-457C-B088-3A5042F75D52}") = "Chapter6", "Chapter6\Chapter6.pyproj", "{D2B1007A-2B86-451E-90D4-14CE4F8CE553}"
EndProject
Project("{888888A0-9F3D-457C-B088-3A5042F75D52}") = "Pcep_Module01", "Pcep_Module01\Pcep_Module01.pyproj", "{10AD51E1-CA14-4BBE-800C-71536569D456}"
EndProject
Project("{888888A0-9F3D-457C-B088-3A5042F75D52}") = "Pcep_lists_collections_strings", "Pcep_lists_collections_strings\Pcep_lists_collections_strings.pyproj", "{17085076-0E27-4690-8538-C32E71C0CD76}"
EndProject
Project("{888888A0-9F3D-457C-B088-3A5042F75D52}") = "NumPyFromTutorialsPoint", "NumPyFromTutorialsPoint\NumPyFromTutorialsPoint.pyproj", "{AAE7508D-8CA7-4D1F-AA41-9654D035D977}"
EndProject
Project("{FAE04EC0-301F-11D3-BF4B-00C04F79EFBC}") = "MatPlotLibFromCsharp", "MatPlotLibFromCsharp\MatPlotLibFromCsharp.csproj", "{349D0687-E31F-4224-B553-AB24774DA881}"
EndProject
Global
	GlobalSection(SolutionConfigurationPlatforms) = preSolution
		Debug|Any CPU = Debug|Any CPU
		Release|Any CPU = Release|Any CPU
	EndGlobalSection
	GlobalSection(ProjectConfigurationPlatforms) = postSolution
		{DE7D5801-B590-43A4-B22E-DA4D7A391EC9}.Debug|Any CPU.ActiveCfg = Debug|Any CPU
		{DE7D5801-B590-43A4-B22E-DA4D7A391EC9}.Release|Any CPU.ActiveCfg = Release|Any CPU
		{D2B1007A-2B86-451E-90D4-14CE4F8CE553}.Debug|Any CPU.ActiveCfg = Debug|Any CPU
		{D2B1007A-2B86-451E-90D4-14CE4F8CE553}.Release|Any CPU.ActiveCfg = Release|Any CPU
		{10AD51E1-CA14-4BBE-800C-71536569D456}.Debug|Any CPU.ActiveCfg = Debug|Any CPU
		{10AD51E1-CA14-4BBE-800C-71536569D456}.Release|Any CPU.ActiveCfg = Release|Any CPU
		{17085076-0E27-4690-8538-C32E71C0CD76}.Debug|Any CPU.ActiveCfg = Debug|Any CPU
		{17085076-0E27-4690-8538-C32E71C0CD76}.Release|Any CPU.ActiveCfg = Release|Any CPU
		{AAE7508D-8CA7-4D1F-AA41-9654D035D977}.Debug|Any CPU.ActiveCfg = Debug|Any CPU
		{AAE7508D-8CA7-4D1F-AA41-9654D035D977}.Release|Any CPU.ActiveCfg = Release|Any CPU
		{349D0687-E31F-4224-B553-AB24774DA881}.Debug|Any CPU.ActiveCfg = Debug|Any CPU
		{349D0687-E31F-4224-B553-AB24774DA881}.Debug|Any CPU.Build.0 = Debug|Any CPU
		{349D0687-E31F-4224-B553-AB24774DA881}.Release|Any CPU.ActiveCfg = Release|Any CPU
		{349D0687-E31F-4224-B553-AB24774DA881}.Release|Any CPU.Build.0 = Release|Any CPU
	EndGlobalSection
	GlobalSection(SolutionProperties) = preSolution
		HideSolutionNode = FALSE
	EndGlobalSection
	GlobalSection(ExtensibilityGlobals) = postSolution
		SolutionGuid = {C7A812F6-E70D-444E-8E9E-701802A3ABE1}
	EndGlobalSection
EndGlobal
